// !$*UTF8*$!
{
	archiveVersion = 1;
	classes = {
	};
	objectVersion = 50;
	objects = {

/* Begin PBXBuildFile section */
		534062BE25BDDF02006BA305 /* UserDetail.swift in Sources */ = {isa = PBXBuildFile; fileRef = 534062BD25BDDF02006BA305 /* UserDetail.swift */; };
		534062C125BDDF1F006BA305 /* AlbumCell.swift in Sources */ = {isa = PBXBuildFile; fileRef = 534062C025BDDF1F006BA305 /* AlbumCell.swift */; };
		534062C725BDF0B6006BA305 /* AlbumList.swift in Sources */ = {isa = PBXBuildFile; fileRef = 534062C625BDF0B6006BA305 /* AlbumList.swift */; };
		53C815FB25BDD470006A64BE /* AppDelegate.swift in Sources */ = {isa = PBXBuildFile; fileRef = 53C815FA25BDD470006A64BE /* AppDelegate.swift */; };
		53C815FD25BDD470006A64BE /* SceneDelegate.swift in Sources */ = {isa = PBXBuildFile; fileRef = 53C815FC25BDD470006A64BE /* SceneDelegate.swift */; };
		53C815FF25BDD470006A64BE /* ViewController.swift in Sources */ = {isa = PBXBuildFile; fileRef = 53C815FE25BDD470006A64BE /* ViewController.swift */; };
		53C8160225BDD470006A64BE /* Main.storyboard in Resources */ = {isa = PBXBuildFile; fileRef = 53C8160025BDD470006A64BE /* Main.storyboard */; };
		53C8160425BDD471006A64BE /* Assets.xcassets in Resources */ = {isa = PBXBuildFile; fileRef = 53C8160325BDD471006A64BE /* Assets.xcassets */; };
		53C8160725BDD471006A64BE /* LaunchScreen.storyboard in Resources */ = {isa = PBXBuildFile; fileRef = 53C8160525BDD471006A64BE /* LaunchScreen.storyboard */; };
		53C8162A25BDD6D1006A64BE /* UIColor+Utils.swift in Sources */ = {isa = PBXBuildFile; fileRef = 53C8162925BDD6D1006A64BE /* UIColor+Utils.swift */; };
		53C8163025BDD701006A64BE /* Company.swift in Sources */ = {isa = PBXBuildFile; fileRef = 53C8162D25BDD701006A64BE /* Company.swift */; };
		53C8163125BDD701006A64BE /* User.swift in Sources */ = {isa = PBXBuildFile; fileRef = 53C8162E25BDD701006A64BE /* User.swift */; };
		53C8163225BDD701006A64BE /* Address.swift in Sources */ = {isa = PBXBuildFile; fileRef = 53C8162F25BDD701006A64BE /* Address.swift */; };
		53C8163725BDD762006A64BE /* UserList.swift in Sources */ = {isa = PBXBuildFile; fileRef = 53C8163525BDD762006A64BE /* UserList.swift */; };
		53C8163825BDD762006A64BE /* UserCell.swift in Sources */ = {isa = PBXBuildFile; fileRef = 53C8163625BDD762006A64BE /* UserCell.swift */; };
		53C8163B25BDD984006A64BE /* Album.swift in Sources */ = {isa = PBXBuildFile; fileRef = 53C8163A25BDD984006A64BE /* Album.swift */; };
		53C8163E25BDD9C8006A64BE /* Picture.swift in Sources */ = {isa = PBXBuildFile; fileRef = 53C8163D25BDD9C8006A64BE /* Picture.swift */; };
		53C8164225BDDA6C006A64BE /* UserDetailVC.swift in Sources */ = {isa = PBXBuildFile; fileRef = 53C8164125BDDA6C006A64BE /* UserDetailVC.swift */; };
/* End PBXBuildFile section */

/* Begin PBXFileReference section */
		534062BD25BDDF02006BA305 /* UserDetail.swift */ = {isa = PBXFileReference; lastKnownFileType = sourcecode.swift; path = UserDetail.swift; sourceTree = "<group>"; };
		534062C025BDDF1F006BA305 /* AlbumCell.swift */ = {isa = PBXFileReference; lastKnownFileType = sourcecode.swift; path = AlbumCell.swift; sourceTree = "<group>"; };
		534062C625BDF0B6006BA305 /* AlbumList.swift */ = {isa = PBXFileReference; lastKnownFileType = sourcecode.swift; path = AlbumList.swift; sourceTree = "<group>"; };
		53C815F725BDD470006A64BE /* TTExoMind.app */ = {isa = PBXFileReference; explicitFileType = wrapper.application; includeInIndex = 0; path = TTExoMind.app; sourceTree = BUILT_PRODUCTS_DIR; };
		53C815FA25BDD470006A64BE /* AppDelegate.swift */ = {isa = PBXFileReference; lastKnownFileType = sourcecode.swift; path = AppDelegate.swift; sourceTree = "<group>"; };
		53C815FC25BDD470006A64BE /* SceneDelegate.swift */ = {isa = PBXFileReference; lastKnownFileType = sourcecode.swift; path = SceneDelegate.swift; sourceTree = "<group>"; };
		53C815FE25BDD470006A64BE /* ViewController.swift */ = {isa = PBXFileReference; lastKnownFileType = sourcecode.swift; path = ViewController.swift; sourceTree = "<group>"; };
		53C8160125BDD470006A64BE /* Base */ = {isa = PBXFileReference; lastKnownFileType = file.storyboard; name = Base; path = Base.lproj/Main.storyboard; sourceTree = "<group>"; };
		53C8160325BDD471006A64BE /* Assets.xcassets */ = {isa = PBXFileReference; lastKnownFileType = folder.assetcatalog; path = Assets.xcassets; sourceTree = "<group>"; };
		53C8160625BDD471006A64BE /* Base */ = {isa = PBXFileReference; lastKnownFileType = file.storyboard; name = Base; path = Base.lproj/LaunchScreen.storyboard; sourceTree = "<group>"; };
		53C8160825BDD471006A64BE /* Info.plist */ = {isa = PBXFileReference; lastKnownFileType = text.plist.xml; path = Info.plist; sourceTree = "<group>"; };
		53C8162925BDD6D1006A64BE /* UIColor+Utils.swift */ = {isa = PBXFileReference; lastKnownFileType = sourcecode.swift; path = "UIColor+Utils.swift"; sourceTree = "<group>"; };
		53C8162D25BDD701006A64BE /* Company.swift */ = {isa = PBXFileReference; fileEncoding = 4; lastKnownFileType = sourcecode.swift; path = Company.swift; sourceTree = "<group>"; };
		53C8162E25BDD701006A64BE /* User.swift */ = {isa = PBXFileReference; fileEncoding = 4; lastKnownFileType = sourcecode.swift; path = User.swift; sourceTree = "<group>"; };
		53C8162F25BDD701006A64BE /* Address.swift */ = {isa = PBXFileReference; fileEncoding = 4; lastKnownFileType = sourcecode.swift; path = Address.swift; sourceTree = "<group>"; };
		53C8163525BDD762006A64BE /* UserList.swift */ = {isa = PBXFileReference; fileEncoding = 4; lastKnownFileType = sourcecode.swift; path = UserList.swift; sourceTree = "<group>"; };
		53C8163625BDD762006A64BE /* UserCell.swift */ = {isa = PBXFileReference; fileEncoding = 4; lastKnownFileType = sourcecode.swift; path = UserCell.swift; sourceTree = "<group>"; };
		53C8163A25BDD984006A64BE /* Album.swift */ = {isa = PBXFileReference; lastKnownFileType = sourcecode.swift; path = Album.swift; sourceTree = "<group>"; };
		53C8163D25BDD9C8006A64BE /* Picture.swift */ = {isa = PBXFileReference; lastKnownFileType = sourcecode.swift; path = Picture.swift; sourceTree = "<group>"; };
		53C8164125BDDA6C006A64BE /* UserDetailVC.swift */ = {isa = PBXFileReference; lastKnownFileType = sourcecode.swift; path = UserDetailVC.swift; sourceTree = "<group>"; };
/* End PBXFileReference section */

/* Begin PBXFrameworksBuildPhase section */
		53C815F425BDD46F006A64BE /* Frameworks */ = {
			isa = PBXFrameworksBuildPhase;
			buildActionMask = 2147483647;
			files = (
			);
			runOnlyForDeploymentPostprocessing = 0;
		};
/* End PBXFrameworksBuildPhase section */

/* Begin PBXGroup section */
		534062C925BDF737006BA305 /* User */ = {
			isa = PBXGroup;
			children = (
				53C8163625BDD762006A64BE /* UserCell.swift */,
				53C8163525BDD762006A64BE /* UserList.swift */,
				534062BD25BDDF02006BA305 /* UserDetail.swift */,
			);
			path = User;
			sourceTree = "<group>";
		};
		534062CA25BDF746006BA305 /* Album */ = {
			isa = PBXGroup;
			children = (
				534062C025BDDF1F006BA305 /* AlbumCell.swift */,
				534062C625BDF0B6006BA305 /* AlbumList.swift */,
			);
			path = Album;
			sourceTree = "<group>";
		};
		53C815EE25BDD46F006A64BE = {
			isa = PBXGroup;
			children = (
				53C815F925BDD470006A64BE /* TTExoMind */,
				53C815F825BDD470006A64BE /* Products */,
			);
			sourceTree = "<group>";
		};
		53C815F825BDD470006A64BE /* Products */ = {
			isa = PBXGroup;
			children = (
				53C815F725BDD470006A64BE /* TTExoMind.app */,
			);
			name = Products;
			sourceTree = "<group>";
		};
		53C815F925BDD470006A64BE /* TTExoMind */ = {
			isa = PBXGroup;
			children = (
				53C8164025BDDA4C006A64BE /* Controllers */,
				53C8163425BDD730006A64BE /* Views */,
				53C8162825BDD6C3006A64BE /* Extensions */,
				53C8162C25BDD6E9006A64BE /* Models */,
				53C815FA25BDD470006A64BE /* AppDelegate.swift */,
				53C815FC25BDD470006A64BE /* SceneDelegate.swift */,
				53C8160025BDD470006A64BE /* Main.storyboard */,
				53C8160325BDD471006A64BE /* Assets.xcassets */,
				53C8160525BDD471006A64BE /* LaunchScreen.storyboard */,
				53C8160825BDD471006A64BE /* Info.plist */,
			);
			path = TTExoMind;
			sourceTree = "<group>";
		};
		53C8162825BDD6C3006A64BE /* Extensions */ = {
			isa = PBXGroup;
			children = (
				53C8162925BDD6D1006A64BE /* UIColor+Utils.swift */,
			);
			path = Extensions;
			sourceTree = "<group>";
		};
		53C8162C25BDD6E9006A64BE /* Models */ = {
			isa = PBXGroup;
			children = (
				53C8162F25BDD701006A64BE /* Address.swift */,
				53C8162D25BDD701006A64BE /* Company.swift */,
				53C8162E25BDD701006A64BE /* User.swift */,
				53C8163A25BDD984006A64BE /* Album.swift */,
				53C8163D25BDD9C8006A64BE /* Picture.swift */,
			);
			path = Models;
			sourceTree = "<group>";
		};
		53C8163425BDD730006A64BE /* Views */ = {
			isa = PBXGroup;
			children = (
				534062CA25BDF746006BA305 /* Album */,
				534062C925BDF737006BA305 /* User */,
			);
			path = Views;
			sourceTree = "<group>";
		};
		53C8164025BDDA4C006A64BE /* Controllers */ = {
			isa = PBXGroup;
			children = (
				53C815FE25BDD470006A64BE /* ViewController.swift */,
				53C8164125BDDA6C006A64BE /* UserDetailVC.swift */,
			);
			path = Controllers;
			sourceTree = "<group>";
		};
/* End PBXGroup section */

/* Begin PBXNativeTarget section */
		53C815F625BDD46F006A64BE /* TTExoMind */ = {
			isa = PBXNativeTarget;
			buildConfigurationList = 53C8160B25BDD471006A64BE /* Build configuration list for PBXNativeTarget "TTExoMind" */;
			buildPhases = (
				53C815F325BDD46F006A64BE /* Sources */,
				53C815F425BDD46F006A64BE /* Frameworks */,
				53C815F525BDD46F006A64BE /* Resources */,
			);
			buildRules = (
			);
			dependencies = (
			);
			name = TTExoMind;
			productName = TTExoMind;
			productReference = 53C815F725BDD470006A64BE /* TTExoMind.app */;
			productType = "com.apple.product-type.application";
		};
/* End PBXNativeTarget section */

/* Begin PBXProject section */
		53C815EF25BDD46F006A64BE /* Project object */ = {
			isa = PBXProject;
			attributes = {
				LastSwiftUpdateCheck = 1230;
				LastUpgradeCheck = 1230;
				TargetAttributes = {
					53C815F625BDD46F006A64BE = {
						CreatedOnToolsVersion = 12.3;
					};
				};
			};
			buildConfigurationList = 53C815F225BDD46F006A64BE /* Build configuration list for PBXProject "TTExoMind" */;
			compatibilityVersion = "Xcode 9.3";
			developmentRegion = en;
			hasScannedForEncodings = 0;
			knownRegions = (
				en,
				Base,
			);
			mainGroup = 53C815EE25BDD46F006A64BE;
			productRefGroup = 53C815F825BDD470006A64BE /* Products */;
			projectDirPath = "";
			projectRoot = "";
			targets = (
				53C815F625BDD46F006A64BE /* TTExoMind */,
			);
		};
/* End PBXProject section */

/* Begin PBXResourcesBuildPhase section */
		53C815F525BDD46F006A64BE /* Resources */ = {
			isa = PBXResourcesBuildPhase;
			buildActionMask = 2147483647;
			files = (
				53C8160725BDD471006A64BE /* LaunchScreen.storyboard in Resources */,
				53C8160425BDD471006A64BE /* Assets.xcassets in Resources */,
				53C8160225BDD470006A64BE /* Main.storyboard in Resources */,
			);
			runOnlyForDeploymentPostprocessing = 0;
		};
/* End PBXResourcesBuildPhase section */

/* Begin PBXSourcesBuildPhase section */
		53C815F325BDD46F006A64BE /* Sources */ = {
			isa = PBXSourcesBuildPhase;
			buildActionMask = 2147483647;
			files = (
				53C815FF25BDD470006A64BE /* ViewController.swift in Sources */,
				53C815FB25BDD470006A64BE /* AppDelegate.swift in Sources */,
				53C8163125BDD701006A64BE /* User.swift in Sources */,
				534062C125BDDF1F006BA305 /* AlbumCell.swift in Sources */,
				53C8163E25BDD9C8006A64BE /* Picture.swift in Sources */,
				53C8164225BDDA6C006A64BE /* UserDetailVC.swift in Sources */,
				534062C725BDF0B6006BA305 /* AlbumList.swift in Sources */,
				53C815FD25BDD470006A64BE /* SceneDelegate.swift in Sources */,
				53C8163725BDD762006A64BE /* UserList.swift in Sources */,
				53C8163825BDD762006A64BE /* UserCell.swift in Sources */,
				53C8163025BDD701006A64BE /* Company.swift in Sources */,
				534062BE25BDDF02006BA305 /* UserDetail.swift in Sources */,
				53C8162A25BDD6D1006A64BE /* UIColor+Utils.swift in Sources */,
				53C8163225BDD701006A64BE /* Address.swift in Sources */,
				53C8163B25BDD984006A64BE /* Album.swift in Sources */,
			);
			runOnlyForDeploymentPostprocessing = 0;
		};
/* End PBXSourcesBuildPhase section */

/* Begin PBXVariantGroup section */
		53C8160025BDD470006A64BE /* Main.storyboard */ = {
			isa = PBXVariantGroup;
			children = (
				53C8160125BDD470006A64BE /* Base */,
			);
			name = Main.storyboard;
			sourceTree = "<group>";
		};
		53C8160525BDD471006A64BE /* LaunchScreen.storyboard */ = {
			isa = PBXVariantGroup;
			children = (
				53C8160625BDD471006A64BE /* Base */,
			);
			name = LaunchScreen.storyboard;
			sourceTree = "<group>";
		};
/* End PBXVariantGroup section */

/* Begin XCBuildConfiguration section */
		53C8160925BDD471006A64BE /* Debug */ = {
			isa = XCBuildConfiguration;
			buildSettings = {
				ALWAYS_SEARCH_USER_PATHS = NO;
				CLANG_ANALYZER_NONNULL = YES;
				CLANG_ANALYZER_NUMBER_OBJECT_CONVERSION = YES_AGGRESSIVE;
				CLANG_CXX_LANGUAGE_STANDARD = "gnu++14";
				CLANG_CXX_LIBRARY = "libc++";
				CLANG_ENABLE_MODULES = YES;
				CLANG_ENABLE_OBJC_ARC = YES;
				CLANG_ENABLE_OBJC_WEAK = YES;
				CLANG_WARN_BLOCK_CAPTURE_AUTORELEASING = YES;
				CLANG_WARN_BOOL_CONVERSION = YES;
				CLANG_WARN_COMMA = YES;
				CLANG_WARN_CONSTANT_CONVERSION = YES;
				CLANG_WARN_DEPRECATED_OBJC_IMPLEMENTATIONS = YES;
				CLANG_WARN_DIRECT_OBJC_ISA_USAGE = YES_ERROR;
				CLANG_WARN_DOCUMENTATION_COMMENTS = YES;
				CLANG_WARN_EMPTY_BODY = YES;
				CLANG_WARN_ENUM_CONVERSION = YES;
				CLANG_WARN_INFINITE_RECURSION = YES;
				CLANG_WARN_INT_CONVERSION = YES;
				CLANG_WARN_NON_LITERAL_NULL_CONVERSION = YES;
				CLANG_WARN_OBJC_IMPLICIT_RETAIN_SELF = YES;
				CLANG_WARN_OBJC_LITERAL_CONVERSION = YES;
				CLANG_WARN_OBJC_ROOT_CLASS = YES_ERROR;
				CLANG_WARN_QUOTED_INCLUDE_IN_FRAMEWORK_HEADER = YES;
				CLANG_WARN_RANGE_LOOP_ANALYSIS = YES;
				CLANG_WARN_STRICT_PROTOTYPES = YES;
				CLANG_WARN_SUSPICIOUS_MOVE = YES;
				CLANG_WARN_UNGUARDED_AVAILABILITY = YES_AGGRESSIVE;
				CLANG_WARN_UNREACHABLE_CODE = YES;
				CLANG_WARN__DUPLICATE_METHOD_MATCH = YES;
				COPY_PHASE_STRIP = NO;
				DEBUG_INFORMATION_FORMAT = dwarf;
				ENABLE_STRICT_OBJC_MSGSEND = YES;
				ENABLE_TESTABILITY = YES;
				GCC_C_LANGUAGE_STANDARD = gnu11;
				GCC_DYNAMIC_NO_PIC = NO;
				GCC_NO_COMMON_BLOCKS = YES;
				GCC_OPTIMIZATION_LEVEL = 0;
				GCC_PREPROCESSOR_DEFINITIONS = (
					"DEBUG=1",
					"$(inherited)",
				);
				GCC_WARN_64_TO_32_BIT_CONVERSION = YES;
				GCC_WARN_ABOUT_RETURN_TYPE = YES_ERROR;
				GCC_WARN_UNDECLARED_SELECTOR = YES;
				GCC_WARN_UNINITIALIZED_AUTOS = YES_AGGRESSIVE;
				GCC_WARN_UNUSED_FUNCTION = YES;
				GCC_WARN_UNUSED_VARIABLE = YES;
				IPHONEOS_DEPLOYMENT_TARGET = 14.3;
				MTL_ENABLE_DEBUG_INFO = INCLUDE_SOURCE;
				MTL_FAST_MATH = YES;
				ONLY_ACTIVE_ARCH = YES;
				SDKROOT = iphoneos;
				SWIFT_ACTIVE_COMPILATION_CONDITIONS = DEBUG;
				SWIFT_OPTIMIZATION_LEVEL = "-Onone";
			};
			name = Debug;
		};
		53C8160A25BDD471006A64BE /* Release */ = {
			isa = XCBuildConfiguration;
			buildSettings = {
				ALWAYS_SEARCH_USER_PATHS = NO;
				CLANG_ANALYZER_NONNULL = YES;
				CLANG_ANALYZER_NUMBER_OBJECT_CONVERSION = YES_AGGRESSIVE;
				CLANG_CXX_LANGUAGE_STANDARD = "gnu++14";
				CLANG_CXX_LIBRARY = "libc++";
				CLANG_ENABLE_MODULES = YES;
				CLANG_ENABLE_OBJC_ARC = YES;
				CLANG_ENABLE_OBJC_WEAK = YES;
				CLANG_WARN_BLOCK_CAPTURE_AUTORELEASING = YES;
				CLANG_WARN_BOOL_CONVERSION = YES;
				CLANG_WARN_COMMA = YES;
				CLANG_WARN_CONSTANT_CONVERSION = YES;
				CLANG_WARN_DEPRECATED_OBJC_IMPLEMENTATIONS = YES;
				CLANG_WARN_DIRECT_OBJC_ISA_USAGE = YES_ERROR;
				CLANG_WARN_DOCUMENTATION_COMMENTS = YES;
				CLANG_WARN_EMPTY_BODY = YES;
				CLANG_WARN_ENUM_CONVERSION = YES;
				CLANG_WARN_INFINITE_RECURSION = YES;
				CLANG_WARN_INT_CONVERSION = YES;
				CLANG_WARN_NON_LITERAL_NULL_CONVERSION = YES;
				CLANG_WARN_OBJC_IMPLICIT_RETAIN_SELF = YES;
				CLANG_WARN_OBJC_LITERAL_CONVERSION = YES;
				CLANG_WARN_OBJC_ROOT_CLASS = YES_ERROR;
				CLANG_WARN_QUOTED_INCLUDE_IN_FRAMEWORK_HEADER = YES;
				CLANG_WARN_RANGE_LOOP_ANALYSIS = YES;
				CLANG_WARN_STRICT_PROTOTYPES = YES;
				CLANG_WARN_SUSPICIOUS_MOVE = YES;
				CLANG_WARN_UNGUARDED_AVAILABILITY = YES_AGGRESSIVE;
				CLANG_WARN_UNREACHABLE_CODE = YES;
				CLANG_WARN__DUPLICATE_METHOD_MATCH = YES;
				COPY_PHASE_STRIP = NO;
				DEBUG_INFORMATION_FORMAT = "dwarf-with-dsym";
				ENABLE_NS_ASSERTIONS = NO;
				ENABLE_STRICT_OBJC_MSGSEND = YES;
				GCC_C_LANGUAGE_STANDARD = gnu11;
				GCC_NO_COMMON_BLOCKS = YES;
				GCC_WARN_64_TO_32_BIT_CONVERSION = YES;
				GCC_WARN_ABOUT_RETURN_TYPE = YES_ERROR;
				GCC_WARN_UNDECLARED_SELECTOR = YES;
				GCC_WARN_UNINITIALIZED_AUTOS = YES_AGGRESSIVE;
				GCC_WARN_UNUSED_FUNCTION = YES;
				GCC_WARN_UNUSED_VARIABLE = YES;
				IPHONEOS_DEPLOYMENT_TARGET = 14.3;
				MTL_ENABLE_DEBUG_INFO = NO;
				MTL_FAST_MATH = YES;
				SDKROOT = iphoneos;
				SWIFT_COMPILATION_MODE = wholemodule;
				SWIFT_OPTIMIZATION_LEVEL = "-O";
				VALIDATE_PRODUCT = YES;
			};
			name = Release;
		};
		53C8160C25BDD471006A64BE /* Debug */ = {
			isa = XCBuildConfiguration;
			buildSettings = {
				ASSETCATALOG_COMPILER_APPICON_NAME = AppIcon;
				ASSETCATALOG_COMPILER_GLOBAL_ACCENT_COLOR_NAME = AccentColor;
				CODE_SIGN_STYLE = Automatic;
				DEVELOPMENT_TEAM = T7ULJL4398;
				INFOPLIST_FILE = TTExoMind/Info.plist;
				IPHONEOS_DEPLOYMENT_TARGET = 13.0;
				LD_RUNPATH_SEARCH_PATHS = (
					"$(inherited)",
					"@executable_path/Frameworks",
				);
				PRODUCT_BUNDLE_IDENTIFIER = com.thib.TTExoMind;
				PRODUCT_NAME = "$(TARGET_NAME)";
				SWIFT_VERSION = 5.0;
				TARGETED_DEVICE_FAMILY = "1,2";
			};
			name = Debug;
		};
		53C8160D25BDD471006A64BE /* Release */ = {
			isa = XCBuildConfiguration;
			buildSettings = {
				ASSETCATALOG_COMPILER_APPICON_NAME = AppIcon;
				ASSETCATALOG_COMPILER_GLOBAL_ACCENT_COLOR_NAME = AccentColor;
				CODE_SIGN_STYLE = Automatic;
				DEVELOPMENT_TEAM = T7ULJL4398;
				INFOPLIST_FILE = TTExoMind/Info.plist;
				IPHONEOS_DEPLOYMENT_TARGET = 13.0;
				LD_RUNPATH_SEARCH_PATHS = (
					"$(inherited)",
					"@executable_path/Frameworks",
				);
				PRODUCT_BUNDLE_IDENTIFIER = com.thib.TTExoMind;
				PRODUCT_NAME = "$(TARGET_NAME)";
				SWIFT_VERSION = 5.0;
				TARGETED_DEVICE_FAMILY = "1,2";
			};
			name = Release;
		};
/* End XCBuildConfiguration section */

/* Begin XCConfigurationList section */
		53C815F225BDD46F006A64BE /* Build configuration list for PBXProject "TTExoMind" */ = {
			isa = XCConfigurationList;
			buildConfigurations = (
				53C8160925BDD471006A64BE /* Debug */,
				53C8160A25BDD471006A64BE /* Release */,
			);
			defaultConfigurationIsVisible = 0;
			defaultConfigurationName = Release;
		};
		53C8160B25BDD471006A64BE /* Build configuration list for PBXNativeTarget "TTExoMind" */ = {
			isa = XCConfigurationList;
			buildConfigurations = (
				53C8160C25BDD471006A64BE /* Debug */,
				53C8160D25BDD471006A64BE /* Release */,
			);
			defaultConfigurationIsVisible = 0;
			defaultConfigurationName = Release;
		};
/* End XCConfigurationList section */
	};
	rootObject = 53C815EF25BDD46F006A64BE /* Project object */;
}
